
Microsoft Visual Studio Solution File, Format Version 12.00
# Visual Studio Version 17
VisualStudioVersion = 17.8.34525.116
MinimumVisualStudioVersion = 10.0.40219.1
Project("{FAE04EC0-301F-11D3-BF4B-00C04F79EFBC}") = "UserTest", "UserTest\UserTest.csproj", "{DE155486-1D9F-4995-A969-6021E89196D4}"
EndProject
Global
	GlobalSection(SolutionConfigurationPlatforms) = preSolution
		Debug|Any CPU = Debug|Any CPU
		Release|Any CPU = Release|Any CPU
	EndGlobalSection
	GlobalSection(ProjectConfigurationPlatforms) = postSolution
		{DE155486-1D9F-4995-A969-6021E89196D4}.Debug|Any CPU.ActiveCfg = Debug|Any CPU
		{DE155486-1D9F-4995-A969-6021E89196D4}.Debug|Any CPU.Build.0 = Debug|Any CPU
		{DE155486-1D9F-4995-A969-6021E89196D4}.Release|Any CPU.ActiveCfg = Release|Any CPU
		{DE155486-1D9F-4995-A969-6021E89196D4}.Release|Any CPU.Build.0 = Release|Any CPU
	EndGlobalSection
	GlobalSection(SolutionProperties) = preSolution
		HideSolutionNode = FALSE
	EndGlobalSection
	GlobalSection(ExtensibilityGlobals) = postSolution
		SolutionGuid = {BE1F0256-F34A-43CF-9759-7941B96ECAB4}
	EndGlobalSection
EndGlobal
